{
  "version": 4,
  "terraform_version": "1.1.6",
  "serial": 52,
  "lineage": "b8c77772-40b3-b3b3-4bde-8da2355a449f",
  "outputs": {},
  "resources": [
    {
      "module": "module.api_gateway",
      "mode": "managed",
      "type": "aws_api_gateway_rest_api",
      "name": "rest_api",
      "provider": "provider[\"registry.terraform.io/hashicorp/aws\"]",
      "instances": [
        {
          "schema_version": 0,
          "attributes": {
            "api_key_source": "HEADER",
            "arn": "arn:aws:apigateway:eu-central-1::/restapis/3p6i38iye6",
            "binary_media_types": [],
            "body": "openapi: 3.0.3\r\n\r\ninfo:\r\n  title: Helloworld API\r\n  description: API defining the operations available in the Helloworld API\r\n  version: 0.1.0\r\n\r\ncomponents:\r\n  schemas:\r\n    Message:\r\n      type: object\r\n      properties:\r\n        message:\r\n          type: string\r\n  securitySchemes:\r\n    ApiKeyAuth:\r\n      type: apiKey\r\n      name: x-api-key\r\n      in: header\r\npaths:\r\n  /hello/{name}:\r\n    get:\r\n      operationId: sayHello\r\n      description: say hello\r\n      security:\r\n        - ApiKeyAuth: []\r\n\r\n      parameters:\r\n        - name: name\r\n          in: path\r\n          required: true\r\n          description: name of the individual to say hello to\r\n          schema:\r\n            type: string\r\n      x-amazon-apigateway-integration:\r\n        uri: \"arn:aws:apigateway:eu-central-1:lambda:path/2015-03-31/functions/arn:aws:lambda:eu-central-1:021320179786:function:lambda_backend/invocations\"\r\n        passthroughBehavior: \"when_no_match\"\r\n        httpMethod: \"POST\"\r\n        timeoutInMillis: 20000\r\n        type: \"aws_proxy\"\r\n        contentHandling: \"CONVERT_TO_TEXT\"\r\n      x-amazon-apigateway-auth:\r\n        type: \"NONE\"\r\n\r\n      responses:\r\n        \"200\":\r\n          description: OK\r\n          content:\r\n            application/json:\r\n              schema:\r\n                $ref: \"#/components/schemas/Message\"\r\nsecurity:\r\n  - ApiKeyAuth: []",
            "created_date": "2022-02-27T12:28:18Z",
            "description": "API to perform text replacements",
            "disable_execute_api_endpoint": false,
            "endpoint_configuration": [
              {
                "types": [
                  "REGIONAL"
                ],
                "vpc_endpoint_ids": []
              }
            ],
            "execution_arn": "arn:aws:execute-api:eu-central-1:021320179786:3p6i38iye6",
            "id": "3p6i38iye6",
            "minimum_compression_size": -1,
            "name": "textReplaceAPI",
            "parameters": null,
            "policy": "",
            "root_resource_id": "eagmvujia9",
            "tags": {},
            "tags_all": {}
          },
          "sensitive_attributes": [],
          "private": "bnVsbA==",
          "dependencies": [
            "module.backend.aws_iam_role.iam_for_lambda",
            "module.backend.aws_lambda_function.backend",
            "module.backend.aws_s3_bucket.backend_bucket",
            "module.backend.aws_s3_object.backend_upload",
            "module.backend.data.archive_file.backend_source",
            "module.backend.random_string.suffix"
          ]
        }
      ]
    },
    {
      "module": "module.backend",
      "mode": "data",
      "type": "archive_file",
      "name": "backend_source",
      "provider": "provider[\"registry.terraform.io/hashicorp/archive\"]",
      "instances": [
        {
          "schema_version": 0,
          "attributes": {
            "excludes": null,
            "id": "e09dd76f5a79bcbf59673d5c6279491fde1b4b09",
            "output_base64sha256": "F67eh44IIGIzq49AgURKtobQuq4UcwkN0Fj2EHle2iI=",
            "output_file_mode": null,
            "output_md5": "8f0b0660c45c8c3a573df30910f91413",
            "output_path": "./backendCodeBase/backend.zip",
            "output_sha": "e09dd76f5a79bcbf59673d5c6279491fde1b4b09",
            "output_size": 250,
            "source": [],
            "source_content": null,
            "source_content_filename": null,
            "source_dir": null,
            "source_file": "./backendCodeBase/main.py",
            "type": "zip"
          },
          "sensitive_attributes": []
        }
      ]
    },
    {
      "module": "module.backend",
      "mode": "managed",
      "type": "aws_lambda_function",
      "name": "backend",
      "provider": "provider[\"registry.terraform.io/hashicorp/aws\"]",
      "instances": [
        {
          "schema_version": 0,
          "attributes": {
            "architectures": [
              "x86_64"
            ],
            "arn": "arn:aws:lambda:eu-central-1:021320179786:function:lambda_backend",
            "code_signing_config_arn": "",
            "dead_letter_config": [],
            "description": "",
            "environment": [],
            "file_system_config": [],
            "filename": null,
            "function_name": "lambda_backend",
            "handler": "main.lambda_handler",
            "id": "lambda_backend",
            "image_config": [],
            "image_uri": "",
            "invoke_arn": "arn:aws:apigateway:eu-central-1:lambda:path/2015-03-31/functions/arn:aws:lambda:eu-central-1:021320179786:function:lambda_backend/invocations",
            "kms_key_arn": "",
            "last_modified": "2022-02-27T10:27:03.406+0000",
            "layers": [],
            "memory_size": 128,
            "package_type": "Zip",
            "publish": false,
            "qualified_arn": "arn:aws:lambda:eu-central-1:021320179786:function:lambda_backend:$LATEST",
            "reserved_concurrent_executions": -1,
            "role": "arn:aws:iam::021320179786:role/iam_for_lambda",
            "runtime": "python3.9",
            "s3_bucket": "backendbucket-zmeyozig",
            "s3_key": "backend.zip",
            "s3_object_version": null,
            "signing_job_arn": "",
            "signing_profile_version_arn": "",
            "source_code_hash": "F67eh44IIGIzq49AgURKtobQuq4UcwkN0Fj2EHle2iI=",
            "source_code_size": 250,
            "tags": {},
            "tags_all": {},
            "timeout": 3,
            "timeouts": null,
            "tracing_config": [
              {
                "mode": "PassThrough"
              }
            ],
            "version": "$LATEST",
            "vpc_config": []
          },
          "sensitive_attributes": [],
          "private": "eyJlMmJmYjczMC1lY2FhLTExZTYtOGY4OC0zNDM2M2JjN2M0YzAiOnsiY3JlYXRlIjo2MDAwMDAwMDAwMDB9fQ==",
          "dependencies": [
            "module.backend.aws_iam_role.iam_for_lambda",
            "module.backend.aws_s3_bucket.backend_bucket",
            "module.backend.aws_s3_object.backend_upload",
            "module.backend.data.archive_file.backend_source",
            "module.backend.random_string.suffix"
          ]
        }
      ]
    },
    {
      "module": "module.backend",
      "mode": "managed",
      "type": "aws_lambda_permission",
      "name": "api-gateway-invoke-lambda",
      "provider": "provider[\"registry.terraform.io/hashicorp/aws\"]",
      "instances": [
        {
          "schema_version": 0,
          "attributes": {
            "action": "lambda:InvokeFunction",
            "event_source_token": null,
            "function_name": "lambda_backend",
            "id": "AllowAPIGatewayInvoke",
            "principal": "apigateway.amazonaws.com",
            "qualifier": "",
            "source_account": null,
            "source_arn": null,
            "statement_id": "AllowAPIGatewayInvoke",
            "statement_id_prefix": null
          },
          "sensitive_attributes": [],
          "private": "bnVsbA==",
          "dependencies": [
            "module.backend.aws_iam_role.iam_for_lambda",
            "module.backend.aws_lambda_function.backend",
            "module.backend.aws_s3_bucket.backend_bucket",
            "module.backend.aws_s3_object.backend_upload",
            "module.backend.data.archive_file.backend_source",
            "module.backend.random_string.suffix"
          ]
        }
      ]
    },
    {
      "module": "module.backend",
      "mode": "managed",
      "type": "aws_s3_bucket",
      "name": "backend_bucket",
      "provider": "provider[\"registry.terraform.io/hashicorp/aws\"]",
      "instances": [
        {
          "schema_version": 0,
          "attributes": {
            "acceleration_status": "",
            "acl": "private",
            "arn": "arn:aws:s3:::backendbucket-zmeyozig",
            "bucket": "backendbucket-zmeyozig",
            "bucket_domain_name": "backendbucket-zmeyozig.s3.amazonaws.com",
            "bucket_prefix": null,
            "bucket_regional_domain_name": "backendbucket-zmeyozig.s3.eu-central-1.amazonaws.com",
            "cors_rule": [],
            "force_destroy": false,
            "grant": [],
            "hosted_zone_id": "Z21DNDUVLTQW6Q",
            "id": "backendbucket-zmeyozig",
            "lifecycle_rule": [],
            "logging": [],
            "object_lock_configuration": [],
            "policy": "",
            "region": "eu-central-1",
            "replication_configuration": [],
            "request_payer": "BucketOwner",
            "server_side_encryption_configuration": [],
            "tags": {},
            "tags_all": {},
            "versioning": [
              {
                "enabled": false,
                "mfa_delete": false
              }
            ],
            "website": [],
            "website_domain": null,
            "website_endpoint": null
          },
          "sensitive_attributes": [],
          "private": "bnVsbA==",
          "dependencies": [
            "module.backend.random_string.suffix"
          ]
        }
      ]
    },
    {
      "module": "module.backend",
      "mode": "managed",
      "type": "aws_s3_object",
      "name": "backend_upload",
      "provider": "provider[\"registry.terraform.io/hashicorp/aws\"]",
      "instances": [
        {
          "schema_version": 0,
          "attributes": {
            "acl": "private",
            "bucket": "backendbucket-zmeyozig",
            "bucket_key_enabled": false,
            "cache_control": "",
            "content": null,
            "content_base64": null,
            "content_disposition": "",
            "content_encoding": "",
            "content_language": "",
            "content_type": "binary/octet-stream",
            "etag": "8f0b0660c45c8c3a573df30910f91413",
            "force_destroy": false,
            "id": "backend.zip",
            "key": "backend.zip",
            "kms_key_id": null,
            "metadata": {},
            "object_lock_legal_hold_status": "",
            "object_lock_mode": "",
            "object_lock_retain_until_date": "",
            "server_side_encryption": "",
            "source": "./backendCodeBase/backend.zip",
            "source_hash": null,
            "storage_class": "STANDARD",
            "tags": {},
            "tags_all": {},
            "version_id": "",
            "website_redirect": ""
          },
          "sensitive_attributes": [],
          "private": "bnVsbA==",
          "dependencies": [
            "module.backend.aws_s3_bucket.backend_bucket",
            "module.backend.data.archive_file.backend_source",
            "module.backend.random_string.suffix"
          ]
        }
      ]
    },
    {
      "module": "module.backend",
      "mode": "managed",
      "type": "random_string",
      "name": "suffix",
      "provider": "provider[\"registry.terraform.io/hashicorp/random\"]",
      "instances": [
        {
          "schema_version": 1,
          "attributes": {
            "id": "zmeyozig",
            "keepers": null,
            "length": 8,
            "lower": true,
            "min_lower": 0,
            "min_numeric": 0,
            "min_special": 0,
            "min_upper": 0,
            "number": false,
            "override_special": null,
            "result": "zmeyozig",
            "special": false,
            "upper": false
          },
          "sensitive_attributes": [],
          "private": "eyJzY2hlbWFfdmVyc2lvbiI6IjEifQ=="
        }
      ]
    }
  ]
}
